// !$*UTF8*$!
{
	archiveVersion = 1;
	classes = {
	};
	objectVersion = 56;
	objects = {

/* Begin PBXBuildFile section */
		435B15BC2B3BCD5100164606 /* ToDoListApp.swift in Sources */ = {isa = PBXBuildFile; fileRef = 435B15BB2B3BCD5100164606 /* ToDoListApp.swift */; };
		435B15BE2B3BCD5100164606 /* MainView.swift in Sources */ = {isa = PBXBuildFile; fileRef = 435B15BD2B3BCD5100164606 /* MainView.swift */; };
		435B15C02B3BCD5200164606 /* Assets.xcassets in Resources */ = {isa = PBXBuildFile; fileRef = 435B15BF2B3BCD5200164606 /* Assets.xcassets */; };
		435B15C32B3BCD5200164606 /* Preview Assets.xcassets in Resources */ = {isa = PBXBuildFile; fileRef = 435B15C22B3BCD5200164606 /* Preview Assets.xcassets */; };
		435B15CA2B3BD2CB00164606 /* GoogleService-Info.plist in Resources */ = {isa = PBXBuildFile; fileRef = 435B15C92B3BD2CB00164606 /* GoogleService-Info.plist */; };
		435B16072B3D16FA00164606 /* ProfileView.swift in Sources */ = {isa = PBXBuildFile; fileRef = 435B16062B3D16FA00164606 /* ProfileView.swift */; };
		435B16092B3D172500164606 /* ToDoListView.swift in Sources */ = {isa = PBXBuildFile; fileRef = 435B16082B3D172500164606 /* ToDoListView.swift */; };
		435B160B2B3D176200164606 /* NewItemView.swift in Sources */ = {isa = PBXBuildFile; fileRef = 435B160A2B3D176200164606 /* NewItemView.swift */; };
		435B160D2B3D177B00164606 /* LoginView.swift in Sources */ = {isa = PBXBuildFile; fileRef = 435B160C2B3D177B00164606 /* LoginView.swift */; };
		435B160F2B3D179000164606 /* RegisterView.swift in Sources */ = {isa = PBXBuildFile; fileRef = 435B160E2B3D179000164606 /* RegisterView.swift */; };
		435B16112B3D17E900164606 /* ToDoListItemView.swift in Sources */ = {isa = PBXBuildFile; fileRef = 435B16102B3D17E900164606 /* ToDoListItemView.swift */; };
		435B16132B3D18E900164606 /* User.swift in Sources */ = {isa = PBXBuildFile; fileRef = 435B16122B3D18E900164606 /* User.swift */; };
		435B16162B3D190700164606 /* ToDoListItem.swift in Sources */ = {isa = PBXBuildFile; fileRef = 435B16152B3D190700164606 /* ToDoListItem.swift */; };
		435B16182B3D19A900164606 /* MainViewViewModel.swift in Sources */ = {isa = PBXBuildFile; fileRef = 435B16172B3D19A900164606 /* MainViewViewModel.swift */; };
		435B161A2B3D19D400164606 /* ProfileViewViewModel.swift in Sources */ = {isa = PBXBuildFile; fileRef = 435B16192B3D19D400164606 /* ProfileViewViewModel.swift */; };
		435B161C2B3D1A0C00164606 /* ToDoListViewViewModel.swift in Sources */ = {isa = PBXBuildFile; fileRef = 435B161B2B3D1A0C00164606 /* ToDoListViewViewModel.swift */; };
		435B161E2B3D1AFA00164606 /* NewItemViewVIewModel.swift in Sources */ = {isa = PBXBuildFile; fileRef = 435B161D2B3D1AFA00164606 /* NewItemViewVIewModel.swift */; };
		435B16202B3D1B2500164606 /* LoginViewViewModel.swift in Sources */ = {isa = PBXBuildFile; fileRef = 435B161F2B3D1B2500164606 /* LoginViewViewModel.swift */; };
		435B16222B3D1B4600164606 /* RegisterViewViewModel.swift in Sources */ = {isa = PBXBuildFile; fileRef = 435B16212B3D1B4600164606 /* RegisterViewViewModel.swift */; };
		435B16242B3D1B7A00164606 /* ToDoListItemViewViewModel.swift in Sources */ = {isa = PBXBuildFile; fileRef = 435B16232B3D1B7A00164606 /* ToDoListItemViewViewModel.swift */; };
		435B16262B3D2A7000164606 /* HeaderView.swift in Sources */ = {isa = PBXBuildFile; fileRef = 435B16252B3D2A7000164606 /* HeaderView.swift */; };
		435B16312B3D74DB00164606 /* FirebaseAuth in Frameworks */ = {isa = PBXBuildFile; productRef = 435B16302B3D74DB00164606 /* FirebaseAuth */; };
		435B16332B3D74DB00164606 /* FirebaseFirestore in Frameworks */ = {isa = PBXBuildFile; productRef = 435B16322B3D74DB00164606 /* FirebaseFirestore */; };
		435B16352B3D74DB00164606 /* FirebaseFirestoreSwift in Frameworks */ = {isa = PBXBuildFile; productRef = 435B16342B3D74DB00164606 /* FirebaseFirestoreSwift */; };
		435B16372B3D839A00164606 /* TLButton.swift in Sources */ = {isa = PBXBuildFile; fileRef = 435B16362B3D839A00164606 /* TLButton.swift */; };
		435B16392B3E5D0D00164606 /* Extensions.swift in Sources */ = {isa = PBXBuildFile; fileRef = 435B16382B3E5D0D00164606 /* Extensions.swift */; };
/* End PBXBuildFile section */

/* Begin PBXFileReference section */
		435B15B82B3BCD5100164606 /* ToDoList.app */ = {isa = PBXFileReference; explicitFileType = wrapper.application; includeInIndex = 0; path = ToDoList.app; sourceTree = BUILT_PRODUCTS_DIR; };
		435B15BB2B3BCD5100164606 /* ToDoListApp.swift */ = {isa = PBXFileReference; lastKnownFileType = sourcecode.swift; path = ToDoListApp.swift; sourceTree = "<group>"; };
		435B15BD2B3BCD5100164606 /* MainView.swift */ = {isa = PBXFileReference; lastKnownFileType = sourcecode.swift; path = MainView.swift; sourceTree = "<group>"; };
		435B15BF2B3BCD5200164606 /* Assets.xcassets */ = {isa = PBXFileReference; lastKnownFileType = folder.assetcatalog; path = Assets.xcassets; sourceTree = "<group>"; };
		435B15C22B3BCD5200164606 /* Preview Assets.xcassets */ = {isa = PBXFileReference; lastKnownFileType = folder.assetcatalog; path = "Preview Assets.xcassets"; sourceTree = "<group>"; };
		435B15C92B3BD2CB00164606 /* GoogleService-Info.plist */ = {isa = PBXFileReference; fileEncoding = 4; lastKnownFileType = text.plist.xml; path = "GoogleService-Info.plist"; sourceTree = "<group>"; };
		435B16062B3D16FA00164606 /* ProfileView.swift */ = {isa = PBXFileReference; lastKnownFileType = sourcecode.swift; path = ProfileView.swift; sourceTree = "<group>"; };
		435B16082B3D172500164606 /* ToDoListView.swift */ = {isa = PBXFileReference; lastKnownFileType = sourcecode.swift; path = ToDoListView.swift; sourceTree = "<group>"; };
		435B160A2B3D176200164606 /* NewItemView.swift */ = {isa = PBXFileReference; lastKnownFileType = sourcecode.swift; path = NewItemView.swift; sourceTree = "<group>"; };
		435B160C2B3D177B00164606 /* LoginView.swift */ = {isa = PBXFileReference; lastKnownFileType = sourcecode.swift; path = LoginView.swift; sourceTree = "<group>"; };
		435B160E2B3D179000164606 /* RegisterView.swift */ = {isa = PBXFileReference; lastKnownFileType = sourcecode.swift; path = RegisterView.swift; sourceTree = "<group>"; };
		435B16102B3D17E900164606 /* ToDoListItemView.swift */ = {isa = PBXFileReference; lastKnownFileType = sourcecode.swift; path = ToDoListItemView.swift; sourceTree = "<group>"; };
		435B16122B3D18E900164606 /* User.swift */ = {isa = PBXFileReference; lastKnownFileType = sourcecode.swift; path = User.swift; sourceTree = "<group>"; };
		435B16152B3D190700164606 /* ToDoListItem.swift */ = {isa = PBXFileReference; lastKnownFileType = sourcecode.swift; path = ToDoListItem.swift; sourceTree = "<group>"; };
		435B16172B3D19A900164606 /* MainViewViewModel.swift */ = {isa = PBXFileReference; lastKnownFileType = sourcecode.swift; path = MainViewViewModel.swift; sourceTree = "<group>"; };
		435B16192B3D19D400164606 /* ProfileViewViewModel.swift */ = {isa = PBXFileReference; lastKnownFileType = sourcecode.swift; path = ProfileViewViewModel.swift; sourceTree = "<group>"; };
		435B161B2B3D1A0C00164606 /* ToDoListViewViewModel.swift */ = {isa = PBXFileReference; lastKnownFileType = sourcecode.swift; path = ToDoListViewViewModel.swift; sourceTree = "<group>"; };
		435B161D2B3D1AFA00164606 /* NewItemViewVIewModel.swift */ = {isa = PBXFileReference; lastKnownFileType = sourcecode.swift; path = NewItemViewVIewModel.swift; sourceTree = "<group>"; };
		435B161F2B3D1B2500164606 /* LoginViewViewModel.swift */ = {isa = PBXFileReference; lastKnownFileType = sourcecode.swift; path = LoginViewViewModel.swift; sourceTree = "<group>"; };
		435B16212B3D1B4600164606 /* RegisterViewViewModel.swift */ = {isa = PBXFileReference; lastKnownFileType = sourcecode.swift; path = RegisterViewViewModel.swift; sourceTree = "<group>"; };
		435B16232B3D1B7A00164606 /* ToDoListItemViewViewModel.swift */ = {isa = PBXFileReference; lastKnownFileType = sourcecode.swift; path = ToDoListItemViewViewModel.swift; sourceTree = "<group>"; };
		435B16252B3D2A7000164606 /* HeaderView.swift */ = {isa = PBXFileReference; lastKnownFileType = sourcecode.swift; path = HeaderView.swift; sourceTree = "<group>"; };
		435B16362B3D839A00164606 /* TLButton.swift */ = {isa = PBXFileReference; lastKnownFileType = sourcecode.swift; path = TLButton.swift; sourceTree = "<group>"; };
		435B16382B3E5D0D00164606 /* Extensions.swift */ = {isa = PBXFileReference; lastKnownFileType = sourcecode.swift; path = Extensions.swift; sourceTree = "<group>"; };
/* End PBXFileReference section */

/* Begin PBXFrameworksBuildPhase section */
		435B15B52B3BCD5100164606 /* Frameworks */ = {
			isa = PBXFrameworksBuildPhase;
			buildActionMask = 2147483647;
			files = (
				435B16312B3D74DB00164606 /* FirebaseAuth in Frameworks */,
				435B16332B3D74DB00164606 /* FirebaseFirestore in Frameworks */,
				435B16352B3D74DB00164606 /* FirebaseFirestoreSwift in Frameworks */,
			);
			runOnlyForDeploymentPostprocessing = 0;
		};
/* End PBXFrameworksBuildPhase section */

/* Begin PBXGroup section */
		435B15AF2B3BCD5100164606 = {
			isa = PBXGroup;
			children = (
				435B15BA2B3BCD5100164606 /* ToDoList */,
				435B15B92B3BCD5100164606 /* Products */,
			);
			sourceTree = "<group>";
		};
		435B15B92B3BCD5100164606 /* Products */ = {
			isa = PBXGroup;
			children = (
				435B15B82B3BCD5100164606 /* ToDoList.app */,
			);
			name = Products;
			sourceTree = "<group>";
		};
		435B15BA2B3BCD5100164606 /* ToDoList */ = {
			isa = PBXGroup;
			children = (
				435B16052B3D149200164606 /* Other */,
				435B16042B3D148C00164606 /* Models */,
				435B16032B3D148300164606 /* ViewModels */,
				435B16022B3D143100164606 /* Views */,
				435B15C12B3BCD5200164606 /* Preview Content */,
			);
			path = ToDoList;
			sourceTree = "<group>";
		};
		435B15C12B3BCD5200164606 /* Preview Content */ = {
			isa = PBXGroup;
			children = (
				435B15C22B3BCD5200164606 /* Preview Assets.xcassets */,
			);
			path = "Preview Content";
			sourceTree = "<group>";
		};
		435B16022B3D143100164606 /* Views */ = {
			isa = PBXGroup;
			children = (
				435B15BD2B3BCD5100164606 /* MainView.swift */,
				435B16062B3D16FA00164606 /* ProfileView.swift */,
				435B16082B3D172500164606 /* ToDoListView.swift */,
				435B16102B3D17E900164606 /* ToDoListItemView.swift */,
				435B160A2B3D176200164606 /* NewItemView.swift */,
				435B160C2B3D177B00164606 /* LoginView.swift */,
				435B160E2B3D179000164606 /* RegisterView.swift */,
				435B16252B3D2A7000164606 /* HeaderView.swift */,
				435B16362B3D839A00164606 /* TLButton.swift */,
			);
			path = Views;
			sourceTree = "<group>";
		};
		435B16032B3D148300164606 /* ViewModels */ = {
			isa = PBXGroup;
			children = (
				435B16172B3D19A900164606 /* MainViewViewModel.swift */,
				435B16192B3D19D400164606 /* ProfileViewViewModel.swift */,
				435B161B2B3D1A0C00164606 /* ToDoListViewViewModel.swift */,
				435B16232B3D1B7A00164606 /* ToDoListItemViewViewModel.swift */,
				435B161D2B3D1AFA00164606 /* NewItemViewVIewModel.swift */,
				435B161F2B3D1B2500164606 /* LoginViewViewModel.swift */,
				435B16212B3D1B4600164606 /* RegisterViewViewModel.swift */,
			);
			path = ViewModels;
			sourceTree = "<group>";
		};
		435B16042B3D148C00164606 /* Models */ = {
			isa = PBXGroup;
			children = (
				435B16122B3D18E900164606 /* User.swift */,
				435B16152B3D190700164606 /* ToDoListItem.swift */,
			);
			path = Models;
			sourceTree = "<group>";
		};
		435B16052B3D149200164606 /* Other */ = {
			isa = PBXGroup;
			children = (
				435B15BF2B3BCD5200164606 /* Assets.xcassets */,
				435B15C92B3BD2CB00164606 /* GoogleService-Info.plist */,
				435B15BB2B3BCD5100164606 /* ToDoListApp.swift */,
				435B16382B3E5D0D00164606 /* Extensions.swift */,
			);
			path = Other;
			sourceTree = "<group>";
		};
/* End PBXGroup section */

/* Begin PBXNativeTarget section */
		435B15B72B3BCD5100164606 /* ToDoList */ = {
			isa = PBXNativeTarget;
			buildConfigurationList = 435B15C62B3BCD5200164606 /* Build configuration list for PBXNativeTarget "ToDoList" */;
			buildPhases = (
				435B15B42B3BCD5100164606 /* Sources */,
				435B15B52B3BCD5100164606 /* Frameworks */,
				435B15B62B3BCD5100164606 /* Resources */,
			);
			buildRules = (
			);
			dependencies = (
			);
			name = ToDoList;
			packageProductDependencies = (
				435B16302B3D74DB00164606 /* FirebaseAuth */,
				435B16322B3D74DB00164606 /* FirebaseFirestore */,
				435B16342B3D74DB00164606 /* FirebaseFirestoreSwift */,
			);
			productName = ToDoList;
			productReference = 435B15B82B3BCD5100164606 /* ToDoList.app */;
			productType = "com.apple.product-type.application";
		};
/* End PBXNativeTarget section */

/* Begin PBXProject section */
		435B15B02B3BCD5100164606 /* Project object */ = {
			isa = PBXProject;
			attributes = {
				BuildIndependentTargetsInParallel = 1;
				LastSwiftUpdateCheck = 1510;
				LastUpgradeCheck = 1510;
				TargetAttributes = {
					435B15B72B3BCD5100164606 = {
						CreatedOnToolsVersion = 15.1;
					};
				};
			};
			buildConfigurationList = 435B15B32B3BCD5100164606 /* Build configuration list for PBXProject "ToDoList" */;
			compatibilityVersion = "Xcode 14.0";
			developmentRegion = en;
			hasScannedForEncodings = 0;
			knownRegions = (
				en,
				Base,
			);
			mainGroup = 435B15AF2B3BCD5100164606;
			packageReferences = (
				435B162F2B3D74DB00164606 /* XCRemoteSwiftPackageReference "firebase-ios-sdk" */,
			);
			productRefGroup = 435B15B92B3BCD5100164606 /* Products */;
			projectDirPath = "";
			projectRoot = "";
			targets = (
				435B15B72B3BCD5100164606 /* ToDoList */,
			);
		};
/* End PBXProject section */

/* Begin PBXResourcesBuildPhase section */
		435B15B62B3BCD5100164606 /* Resources */ = {
			isa = PBXResourcesBuildPhase;
			buildActionMask = 2147483647;
			files = (
				435B15C32B3BCD5200164606 /* Preview Assets.xcassets in Resources */,
				435B15C02B3BCD5200164606 /* Assets.xcassets in Resources */,
				435B15CA2B3BD2CB00164606 /* GoogleService-Info.plist in Resources */,
			);
			runOnlyForDeploymentPostprocessing = 0;
		};
/* End PBXResourcesBuildPhase section */

/* Begin PBXSourcesBuildPhase section */
		435B15B42B3BCD5100164606 /* Sources */ = {
			isa = PBXSourcesBuildPhase;
			buildActionMask = 2147483647;
			files = (
				435B160D2B3D177B00164606 /* LoginView.swift in Sources */,
				435B16262B3D2A7000164606 /* HeaderView.swift in Sources */,
				435B15BE2B3BCD5100164606 /* MainView.swift in Sources */,
				435B16222B3D1B4600164606 /* RegisterViewViewModel.swift in Sources */,
				435B16182B3D19A900164606 /* MainViewViewModel.swift in Sources */,
				435B161E2B3D1AFA00164606 /* NewItemViewVIewModel.swift in Sources */,
				435B16092B3D172500164606 /* ToDoListView.swift in Sources */,
				435B16372B3D839A00164606 /* TLButton.swift in Sources */,
				435B160F2B3D179000164606 /* RegisterView.swift in Sources */,
				435B161A2B3D19D400164606 /* ProfileViewViewModel.swift in Sources */,
				435B16072B3D16FA00164606 /* ProfileView.swift in Sources */,
				435B16132B3D18E900164606 /* User.swift in Sources */,
				435B16112B3D17E900164606 /* ToDoListItemView.swift in Sources */,
				435B16202B3D1B2500164606 /* LoginViewViewModel.swift in Sources */,
				435B161C2B3D1A0C00164606 /* ToDoListViewViewModel.swift in Sources */,
				435B16392B3E5D0D00164606 /* Extensions.swift in Sources */,
				435B15BC2B3BCD5100164606 /* ToDoListApp.swift in Sources */,
				435B16162B3D190700164606 /* ToDoListItem.swift in Sources */,
				435B160B2B3D176200164606 /* NewItemView.swift in Sources */,
				435B16242B3D1B7A00164606 /* ToDoListItemViewViewModel.swift in Sources */,
			);
			runOnlyForDeploymentPostprocessing = 0;
		};
/* End PBXSourcesBuildPhase section */

/* Begin XCBuildConfiguration section */
		435B15C42B3BCD5200164606 /* Debug */ = {
			isa = XCBuildConfiguration;
			buildSettings = {
				ALWAYS_SEARCH_USER_PATHS = NO;
				ASSETCATALOG_COMPILER_GENERATE_SWIFT_ASSET_SYMBOL_EXTENSIONS = YES;
				CLANG_ANALYZER_NONNULL = YES;
				CLANG_ANALYZER_NUMBER_OBJECT_CONVERSION = YES_AGGRESSIVE;
				CLANG_CXX_LANGUAGE_STANDARD = "gnu++20";
				CLANG_ENABLE_MODULES = YES;
				CLANG_ENABLE_OBJC_ARC = YES;
				CLANG_ENABLE_OBJC_WEAK = YES;
				CLANG_WARN_BLOCK_CAPTURE_AUTORELEASING = YES;
				CLANG_WARN_BOOL_CONVERSION = YES;
				CLANG_WARN_COMMA = YES;
				CLANG_WARN_CONSTANT_CONVERSION = YES;
				CLANG_WARN_DEPRECATED_OBJC_IMPLEMENTATIONS = YES;
				CLANG_WARN_DIRECT_OBJC_ISA_USAGE = YES_ERROR;
				CLANG_WARN_DOCUMENTATION_COMMENTS = YES;
				CLANG_WARN_EMPTY_BODY = YES;
				CLANG_WARN_ENUM_CONVERSION = YES;
				CLANG_WARN_INFINITE_RECURSION = YES;
				CLANG_WARN_INT_CONVERSION = YES;
				CLANG_WARN_NON_LITERAL_NULL_CONVERSION = YES;
				CLANG_WARN_OBJC_IMPLICIT_RETAIN_SELF = YES;
				CLANG_WARN_OBJC_LITERAL_CONVERSION = YES;
				CLANG_WARN_OBJC_ROOT_CLASS = YES_ERROR;
				CLANG_WARN_QUOTED_INCLUDE_IN_FRAMEWORK_HEADER = YES;
				CLANG_WARN_RANGE_LOOP_ANALYSIS = YES;
				CLANG_WARN_STRICT_PROTOTYPES = YES;
				CLANG_WARN_SUSPICIOUS_MOVE = YES;
				CLANG_WARN_UNGUARDED_AVAILABILITY = YES_AGGRESSIVE;
				CLANG_WARN_UNREACHABLE_CODE = YES;
				CLANG_WARN__DUPLICATE_METHOD_MATCH = YES;
				COPY_PHASE_STRIP = NO;
				DEBUG_INFORMATION_FORMAT = dwarf;
				ENABLE_STRICT_OBJC_MSGSEND = YES;
				ENABLE_TESTABILITY = YES;
				ENABLE_USER_SCRIPT_SANDBOXING = YES;
				GCC_C_LANGUAGE_STANDARD = gnu17;
				GCC_DYNAMIC_NO_PIC = NO;
				GCC_NO_COMMON_BLOCKS = YES;
				GCC_OPTIMIZATION_LEVEL = 0;
				GCC_PREPROCESSOR_DEFINITIONS = (
					"DEBUG=1",
					"$(inherited)",
				);
				GCC_WARN_64_TO_32_BIT_CONVERSION = YES;
				GCC_WARN_ABOUT_RETURN_TYPE = YES_ERROR;
				GCC_WARN_UNDECLARED_SELECTOR = YES;
				GCC_WARN_UNINITIALIZED_AUTOS = YES_AGGRESSIVE;
				GCC_WARN_UNUSED_FUNCTION = YES;
				GCC_WARN_UNUSED_VARIABLE = YES;
				IPHONEOS_DEPLOYMENT_TARGET = 17.2;
				LOCALIZATION_PREFERS_STRING_CATALOGS = YES;
				MTL_ENABLE_DEBUG_INFO = INCLUDE_SOURCE;
				MTL_FAST_MATH = YES;
				ONLY_ACTIVE_ARCH = YES;
				SDKROOT = iphoneos;
				SWIFT_ACTIVE_COMPILATION_CONDITIONS = "DEBUG $(inherited)";
				SWIFT_OPTIMIZATION_LEVEL = "-Onone";
			};
			name = Debug;
		};
		435B15C52B3BCD5200164606 /* Release */ = {
			isa = XCBuildConfiguration;
			buildSettings = {
				ALWAYS_SEARCH_USER_PATHS = NO;
				ASSETCATALOG_COMPILER_GENERATE_SWIFT_ASSET_SYMBOL_EXTENSIONS = YES;
				CLANG_ANALYZER_NONNULL = YES;
				CLANG_ANALYZER_NUMBER_OBJECT_CONVERSION = YES_AGGRESSIVE;
				CLANG_CXX_LANGUAGE_STANDARD = "gnu++20";
				CLANG_ENABLE_MODULES = YES;
				CLANG_ENABLE_OBJC_ARC = YES;
				CLANG_ENABLE_OBJC_WEAK = YES;
				CLANG_WARN_BLOCK_CAPTURE_AUTORELEASING = YES;
				CLANG_WARN_BOOL_CONVERSION = YES;
				CLANG_WARN_COMMA = YES;
				CLANG_WARN_CONSTANT_CONVERSION = YES;
				CLANG_WARN_DEPRECATED_OBJC_IMPLEMENTATIONS = YES;
				CLANG_WARN_DIRECT_OBJC_ISA_USAGE = YES_ERROR;
				CLANG_WARN_DOCUMENTATION_COMMENTS = YES;
				CLANG_WARN_EMPTY_BODY = YES;
				CLANG_WARN_ENUM_CONVERSION = YES;
				CLANG_WARN_INFINITE_RECURSION = YES;
				CLANG_WARN_INT_CONVERSION = YES;
				CLANG_WARN_NON_LITERAL_NULL_CONVERSION = YES;
				CLANG_WARN_OBJC_IMPLICIT_RETAIN_SELF = YES;
				CLANG_WARN_OBJC_LITERAL_CONVERSION = YES;
				CLANG_WARN_OBJC_ROOT_CLASS = YES_ERROR;
				CLANG_WARN_QUOTED_INCLUDE_IN_FRAMEWORK_HEADER = YES;
				CLANG_WARN_RANGE_LOOP_ANALYSIS = YES;
				CLANG_WARN_STRICT_PROTOTYPES = YES;
				CLANG_WARN_SUSPICIOUS_MOVE = YES;
				CLANG_WARN_UNGUARDED_AVAILABILITY = YES_AGGRESSIVE;
				CLANG_WARN_UNREACHABLE_CODE = YES;
				CLANG_WARN__DUPLICATE_METHOD_MATCH = YES;
				COPY_PHASE_STRIP = NO;
				DEBUG_INFORMATION_FORMAT = "dwarf-with-dsym";
				ENABLE_NS_ASSERTIONS = NO;
				ENABLE_STRICT_OBJC_MSGSEND = YES;
				ENABLE_USER_SCRIPT_SANDBOXING = YES;
				GCC_C_LANGUAGE_STANDARD = gnu17;
				GCC_NO_COMMON_BLOCKS = YES;
				GCC_WARN_64_TO_32_BIT_CONVERSION = YES;
				GCC_WARN_ABOUT_RETURN_TYPE = YES_ERROR;
				GCC_WARN_UNDECLARED_SELECTOR = YES;
				GCC_WARN_UNINITIALIZED_AUTOS = YES_AGGRESSIVE;
				GCC_WARN_UNUSED_FUNCTION = YES;
				GCC_WARN_UNUSED_VARIABLE = YES;
				IPHONEOS_DEPLOYMENT_TARGET = 17.2;
				LOCALIZATION_PREFERS_STRING_CATALOGS = YES;
				MTL_ENABLE_DEBUG_INFO = NO;
				MTL_FAST_MATH = YES;
				SDKROOT = iphoneos;
				SWIFT_COMPILATION_MODE = wholemodule;
				VALIDATE_PRODUCT = YES;
			};
			name = Release;
		};
		435B15C72B3BCD5200164606 /* Debug */ = {
			isa = XCBuildConfiguration;
			buildSettings = {
				ASSETCATALOG_COMPILER_APPICON_NAME = AppIcon;
				ASSETCATALOG_COMPILER_GLOBAL_ACCENT_COLOR_NAME = AccentColor;
				CODE_SIGN_STYLE = Automatic;
				CURRENT_PROJECT_VERSION = 1;
				DEVELOPMENT_ASSET_PATHS = "\"ToDoList/Preview Content\"";
				DEVELOPMENT_TEAM = 8G9LPQ5X7A;
				ENABLE_PREVIEWS = YES;
				GENERATE_INFOPLIST_FILE = YES;
				INFOPLIST_KEY_CFBundleDisplayName = "To Do List";
				INFOPLIST_KEY_UIApplicationSceneManifest_Generation = YES;
				INFOPLIST_KEY_UIApplicationSupportsIndirectInputEvents = YES;
				INFOPLIST_KEY_UILaunchScreen_Generation = YES;
				INFOPLIST_KEY_UISupportedInterfaceOrientations = "UIInterfaceOrientationLandscapeLeft UIInterfaceOrientationLandscapeRight UIInterfaceOrientationPortrait";
				INFOPLIST_KEY_UISupportedInterfaceOrientations_iPad = UIInterfaceOrientationPortrait;
				IPHONEOS_DEPLOYMENT_TARGET = 16.0;
				LD_RUNPATH_SEARCH_PATHS = (
					"$(inherited)",
					"@executable_path/Frameworks",
				);
				MARKETING_VERSION = 1.0;
				PRODUCT_BUNDLE_IDENTIFIER = com.jeongbaebang.ToDoList;
				PRODUCT_NAME = "$(TARGET_NAME)";
				SWIFT_EMIT_LOC_STRINGS = YES;
				SWIFT_VERSION = 5.0;
				TARGETED_DEVICE_FAMILY = "1,2";
			};
			name = Debug;
		};
		435B15C82B3BCD5200164606 /* Release */ = {
			isa = XCBuildConfiguration;
			buildSettings = {
				ASSETCATALOG_COMPILER_APPICON_NAME = AppIcon;
				ASSETCATALOG_COMPILER_GLOBAL_ACCENT_COLOR_NAME = AccentColor;
				CODE_SIGN_STYLE = Automatic;
				CURRENT_PROJECT_VERSION = 1;
				DEVELOPMENT_ASSET_PATHS = "\"ToDoList/Preview Content\"";
				DEVELOPMENT_TEAM = 8G9LPQ5X7A;
				ENABLE_PREVIEWS = YES;
				GENERATE_INFOPLIST_FILE = YES;
				INFOPLIST_KEY_CFBundleDisplayName = "To Do List";
				INFOPLIST_KEY_UIApplicationSceneManifest_Generation = YES;
				INFOPLIST_KEY_UIApplicationSupportsIndirectInputEvents = YES;
				INFOPLIST_KEY_UILaunchScreen_Generation = YES;
				INFOPLIST_KEY_UISupportedInterfaceOrientations = "UIInterfaceOrientationLandscapeLeft UIInterfaceOrientationLandscapeRight UIInterfaceOrientationPortrait";
				INFOPLIST_KEY_UISupportedInterfaceOrientations_iPad = UIInterfaceOrientationPortrait;
				IPHONEOS_DEPLOYMENT_TARGET = 16.0;
				LD_RUNPATH_SEARCH_PATHS = (
					"$(inherited)",
					"@executable_path/Frameworks",
				);
				MARKETING_VERSION = 1.0;
				PRODUCT_BUNDLE_IDENTIFIER = com.jeongbaebang.ToDoList;
				PRODUCT_NAME = "$(TARGET_NAME)";
				SWIFT_EMIT_LOC_STRINGS = YES;
				SWIFT_VERSION = 5.0;
				TARGETED_DEVICE_FAMILY = "1,2";
			};
			name = Release;
		};
/* End XCBuildConfiguration section */

/* Begin XCConfigurationList section */
		435B15B32B3BCD5100164606 /* Build configuration list for PBXProject "ToDoList" */ = {
			isa = XCConfigurationList;
			buildConfigurations = (
				435B15C42B3BCD5200164606 /* Debug */,
				435B15C52B3BCD5200164606 /* Release */,
			);
			defaultConfigurationIsVisible = 0;
			defaultConfigurationName = Release;
		};
		435B15C62B3BCD5200164606 /* Build configuration list for PBXNativeTarget "ToDoList" */ = {
			isa = XCConfigurationList;
			buildConfigurations = (
				435B15C72B3BCD5200164606 /* Debug */,
				435B15C82B3BCD5200164606 /* Release */,
			);
			defaultConfigurationIsVisible = 0;
			defaultConfigurationName = Release;
		};
/* End XCConfigurationList section */

/* Begin XCRemoteSwiftPackageReference section */
		435B162F2B3D74DB00164606 /* XCRemoteSwiftPackageReference "firebase-ios-sdk" */ = {
			isa = XCRemoteSwiftPackageReference;
			repositoryURL = "https://github.com/firebase/firebase-ios-sdk";
			requirement = {
				kind = upToNextMajorVersion;
				minimumVersion = 10.19.1;
			};
		};
/* End XCRemoteSwiftPackageReference section */

/* Begin XCSwiftPackageProductDependency section */
		435B16302B3D74DB00164606 /* FirebaseAuth */ = {
			isa = XCSwiftPackageProductDependency;
			package = 435B162F2B3D74DB00164606 /* XCRemoteSwiftPackageReference "firebase-ios-sdk" */;
			productName = FirebaseAuth;
		};
		435B16322B3D74DB00164606 /* FirebaseFirestore */ = {
			isa = XCSwiftPackageProductDependency;
			package = 435B162F2B3D74DB00164606 /* XCRemoteSwiftPackageReference "firebase-ios-sdk" */;
			productName = FirebaseFirestore;
		};
		435B16342B3D74DB00164606 /* FirebaseFirestoreSwift */ = {
			isa = XCSwiftPackageProductDependency;
			package = 435B162F2B3D74DB00164606 /* XCRemoteSwiftPackageReference "firebase-ios-sdk" */;
			productName = FirebaseFirestoreSwift;
		};
/* End XCSwiftPackageProductDependency section */
	};
	rootObject = 435B15B02B3BCD5100164606 /* Project object */;
}
